
Microsoft Visual Studio Solution File, Format Version 12.00
# Visual Studio 15
VisualStudioVersion = 15.0.28307.852
MinimumVisualStudioVersion = 10.0.40219.1
Project("{FAE04EC0-301F-11D3-BF4B-00C04F79EFBC}") = "POCSampleWebApp", "POCSampleWebApp\POCSampleWebApp.csproj", "{FDA73A0B-30A3-4A1C-B232-AEC417D332B8}"
EndProject
Global
	GlobalSection(SolutionConfigurationPlatforms) = preSolution
		Debug|Any CPU = Debug|Any CPU
		Release|Any CPU = Release|Any CPU
	EndGlobalSection
	GlobalSection(ProjectConfigurationPlatforms) = postSolution
		{FDA73A0B-30A3-4A1C-B232-AEC417D332B8}.Debug|Any CPU.ActiveCfg = Debug|Any CPU
		{FDA73A0B-30A3-4A1C-B232-AEC417D332B8}.Debug|Any CPU.Build.0 = Debug|Any CPU
		{FDA73A0B-30A3-4A1C-B232-AEC417D332B8}.Release|Any CPU.ActiveCfg = Release|Any CPU
		{FDA73A0B-30A3-4A1C-B232-AEC417D332B8}.Release|Any CPU.Build.0 = Release|Any CPU
	EndGlobalSection
	GlobalSection(SolutionProperties) = preSolution
		HideSolutionNode = FALSE
	EndGlobalSection
	GlobalSection(ExtensibilityGlobals) = postSolution
		SolutionGuid = {5382ABF5-267A-4DAE-A40D-C6662CEC84DA}
	EndGlobalSection
EndGlobal
